
Microsoft Visual Studio Solution File, Format Version 12.00
# Visual Studio Version 17
VisualStudioVersion = 17.8.34511.84
MinimumVisualStudioVersion = 10.0.40219.1
Project("{9A19103F-16F7-4668-BE54-9A1E7A4F7556}") = "Core", "Core\Core.csproj", "{80D18BE7-0EB0-4093-93C1-AAA6EDE17C51}"
EndProject
Project("{9A19103F-16F7-4668-BE54-9A1E7A4F7556}") = "Repository", "Repository\Repository.csproj", "{2B55A90C-A609-4492-A271-5D42D468E13F}"
EndProject
Project("{9A19103F-16F7-4668-BE54-9A1E7A4F7556}") = "API", "API\API.csproj", "{63D46913-398D-4F01-AA1A-51376FF9F475}"
EndProject
Project("{9A19103F-16F7-4668-BE54-9A1E7A4F7556}") = "Service", "Service\Service.csproj", "{29ABDBB9-7E30-441A-B5A5-0D48F1B1E4E7}"
EndProject
Project("{FAE04EC0-301F-11D3-BF4B-00C04F79EFBC}") = "RedisCache", "RedisCache\RedisCache.csproj", "{C75B6478-156D-40DF-A7F8-40CF92FCD3BE}"
EndProject
Global
	GlobalSection(SolutionConfigurationPlatforms) = preSolution
		Debug|Any CPU = Debug|Any CPU
		Release|Any CPU = Release|Any CPU
	EndGlobalSection
	GlobalSection(ProjectConfigurationPlatforms) = postSolution
		{80D18BE7-0EB0-4093-93C1-AAA6EDE17C51}.Debug|Any CPU.ActiveCfg = Debug|Any CPU
		{80D18BE7-0EB0-4093-93C1-AAA6EDE17C51}.Debug|Any CPU.Build.0 = Debug|Any CPU
		{80D18BE7-0EB0-4093-93C1-AAA6EDE17C51}.Release|Any CPU.ActiveCfg = Release|Any CPU
		{80D18BE7-0EB0-4093-93C1-AAA6EDE17C51}.Release|Any CPU.Build.0 = Release|Any CPU
		{2B55A90C-A609-4492-A271-5D42D468E13F}.Debug|Any CPU.ActiveCfg = Debug|Any CPU
		{2B55A90C-A609-4492-A271-5D42D468E13F}.Debug|Any CPU.Build.0 = Debug|Any CPU
		{2B55A90C-A609-4492-A271-5D42D468E13F}.Release|Any CPU.ActiveCfg = Release|Any CPU
		{2B55A90C-A609-4492-A271-5D42D468E13F}.Release|Any CPU.Build.0 = Release|Any CPU
		{63D46913-398D-4F01-AA1A-51376FF9F475}.Debug|Any CPU.ActiveCfg = Debug|Any CPU
		{63D46913-398D-4F01-AA1A-51376FF9F475}.Debug|Any CPU.Build.0 = Debug|Any CPU
		{63D46913-398D-4F01-AA1A-51376FF9F475}.Release|Any CPU.ActiveCfg = Release|Any CPU
		{63D46913-398D-4F01-AA1A-51376FF9F475}.Release|Any CPU.Build.0 = Release|Any CPU
		{29ABDBB9-7E30-441A-B5A5-0D48F1B1E4E7}.Debug|Any CPU.ActiveCfg = Debug|Any CPU
		{29ABDBB9-7E30-441A-B5A5-0D48F1B1E4E7}.Debug|Any CPU.Build.0 = Debug|Any CPU
		{29ABDBB9-7E30-441A-B5A5-0D48F1B1E4E7}.Release|Any CPU.ActiveCfg = Release|Any CPU
		{29ABDBB9-7E30-441A-B5A5-0D48F1B1E4E7}.Release|Any CPU.Build.0 = Release|Any CPU
		{C75B6478-156D-40DF-A7F8-40CF92FCD3BE}.Debug|Any CPU.ActiveCfg = Debug|Any CPU
		{C75B6478-156D-40DF-A7F8-40CF92FCD3BE}.Debug|Any CPU.Build.0 = Debug|Any CPU
		{C75B6478-156D-40DF-A7F8-40CF92FCD3BE}.Release|Any CPU.ActiveCfg = Release|Any CPU
		{C75B6478-156D-40DF-A7F8-40CF92FCD3BE}.Release|Any CPU.Build.0 = Release|Any CPU
	EndGlobalSection
	GlobalSection(SolutionProperties) = preSolution
		HideSolutionNode = FALSE
	EndGlobalSection
	GlobalSection(ExtensibilityGlobals) = postSolution
		SolutionGuid = {CD650A70-6D0D-4BB6-AC31-38DE1CD37D83}
	EndGlobalSection
EndGlobal
